
Microsoft Visual Studio Solution File, Format Version 12.00
# Visual Studio 14
VisualStudioVersion = 14.0.25420.1
MinimumVisualStudioVersion = 10.0.40219.1
Project("{2150E333-8FDC-42A3-9474-1A3956D46DE8}") = "src", "src", "{490C8F17-B827-48C4-9E22-ABDB7BBBCFF7}"
EndProject
Project("{8BB2217D-0F2D-49D1-97BC-3654ED321F3B}") = "CAN.Klantbeheer.Domain", "CAN.Klantbeheer\src\CAN.Klantbeheer.Domain\CAN.Klantbeheer.Domain.xproj", "{4946BB4C-2F63-4955-A872-EA618D560D5C}"
EndProject
Project("{8BB2217D-0F2D-49D1-97BC-3654ED321F3B}") = "CAN.Klantbeheer.Infrastructure", "CAN.Klantbeheer\src\CAN.Klantbeheer.Infrastructure\CAN.Klantbeheer.Infrastructure.xproj", "{E7355E97-5712-4742-B631-F247B25F566D}"
EndProject
Project("{8BB2217D-0F2D-49D1-97BC-3654ED321F3B}") = "CAN.Klantbeheer.Facade", "CAN.Klantbeheer\src\CAN.Klantbeheer.Facade\CAN.Klantbeheer.Facade.xproj", "{1ACCA827-8F55-4A56-9558-665ABF171E77}"
EndProject
Project("{2150E333-8FDC-42A3-9474-1A3956D46DE8}") = "test", "test", "{10992D2E-0228-4806-ABB9-FF496C7E310A}"
EndProject
Project("{8BB2217D-0F2D-49D1-97BC-3654ED321F3B}") = "CAN.Klantbeheer.Infrastructure.Test", "CAN.Klantbeheer\test\CAN.Klantbeheer.Infrastructure.Test\CAN.Klantbeheer.Infrastructure.Test.xproj", "{94C322A7-A9EE-4238-A060-E659B52C9B61}"
EndProject
Project("{2150E333-8FDC-42A3-9474-1A3956D46DE8}") = "Solution Items", "Solution Items", "{F4E265C3-F86C-490A-A540-DDA8159D112F}"
	ProjectSection(SolutionItems) = preProject
		global.json = global.json
	EndProjectSection
EndProject
Project("{8BB2217D-0F2D-49D1-97BC-3654ED321F3B}") = "CAN.Klantbeheer.IntegratieTest", "CAN.Klantbeheer\test\CAN.Klantbeheer.IntegratieTest\CAN.Klantbeheer.IntegratieTest.xproj", "{384CE833-3FAA-4A15-98B2-7C27F2A7CEAB}"
EndProject
Project("{8BB2217D-0F2D-49D1-97BC-3654ED321F3B}") = "CAN.Klantbeheer.Domain.Test", "CAN.Klantbeheer\test\CAN.Klantbeheer.Domain.Test\CAN.Klantbeheer.Domain.Test.xproj", "{75CD0E89-0879-48F8-8E40-A3EA0EAD1B52}"
EndProject
Global
	GlobalSection(SolutionConfigurationPlatforms) = preSolution
		Debug|Any CPU = Debug|Any CPU
		Release|Any CPU = Release|Any CPU
	EndGlobalSection
	GlobalSection(ProjectConfigurationPlatforms) = postSolution
		{4946BB4C-2F63-4955-A872-EA618D560D5C}.Debug|Any CPU.ActiveCfg = Debug|Any CPU
		{4946BB4C-2F63-4955-A872-EA618D560D5C}.Debug|Any CPU.Build.0 = Debug|Any CPU
		{4946BB4C-2F63-4955-A872-EA618D560D5C}.Release|Any CPU.ActiveCfg = Release|Any CPU
		{4946BB4C-2F63-4955-A872-EA618D560D5C}.Release|Any CPU.Build.0 = Release|Any CPU
		{E7355E97-5712-4742-B631-F247B25F566D}.Debug|Any CPU.ActiveCfg = Debug|Any CPU
		{E7355E97-5712-4742-B631-F247B25F566D}.Debug|Any CPU.Build.0 = Debug|Any CPU
		{E7355E97-5712-4742-B631-F247B25F566D}.Release|Any CPU.ActiveCfg = Release|Any CPU
		{E7355E97-5712-4742-B631-F247B25F566D}.Release|Any CPU.Build.0 = Release|Any CPU
		{1ACCA827-8F55-4A56-9558-665ABF171E77}.Debug|Any CPU.ActiveCfg = Debug|Any CPU
		{1ACCA827-8F55-4A56-9558-665ABF171E77}.Debug|Any CPU.Build.0 = Debug|Any CPU
		{1ACCA827-8F55-4A56-9558-665ABF171E77}.Release|Any CPU.ActiveCfg = Release|Any CPU
		{1ACCA827-8F55-4A56-9558-665ABF171E77}.Release|Any CPU.Build.0 = Release|Any CPU
		{94C322A7-A9EE-4238-A060-E659B52C9B61}.Debug|Any CPU.ActiveCfg = Debug|Any CPU
		{94C322A7-A9EE-4238-A060-E659B52C9B61}.Debug|Any CPU.Build.0 = Debug|Any CPU
		{94C322A7-A9EE-4238-A060-E659B52C9B61}.Release|Any CPU.ActiveCfg = Release|Any CPU
		{94C322A7-A9EE-4238-A060-E659B52C9B61}.Release|Any CPU.Build.0 = Release|Any CPU
		{384CE833-3FAA-4A15-98B2-7C27F2A7CEAB}.Debug|Any CPU.ActiveCfg = Debug|Any CPU
		{384CE833-3FAA-4A15-98B2-7C27F2A7CEAB}.Debug|Any CPU.Build.0 = Debug|Any CPU
		{384CE833-3FAA-4A15-98B2-7C27F2A7CEAB}.Release|Any CPU.ActiveCfg = Release|Any CPU
		{384CE833-3FAA-4A15-98B2-7C27F2A7CEAB}.Release|Any CPU.Build.0 = Release|Any CPU
		{75CD0E89-0879-48F8-8E40-A3EA0EAD1B52}.Debug|Any CPU.ActiveCfg = Debug|Any CPU
		{75CD0E89-0879-48F8-8E40-A3EA0EAD1B52}.Debug|Any CPU.Build.0 = Debug|Any CPU
		{75CD0E89-0879-48F8-8E40-A3EA0EAD1B52}.Release|Any CPU.ActiveCfg = Release|Any CPU
		{75CD0E89-0879-48F8-8E40-A3EA0EAD1B52}.Release|Any CPU.Build.0 = Release|Any CPU
	EndGlobalSection
	GlobalSection(SolutionProperties) = preSolution
		HideSolutionNode = FALSE
	EndGlobalSection
	GlobalSection(NestedProjects) = preSolution
		{4946BB4C-2F63-4955-A872-EA618D560D5C} = {490C8F17-B827-48C4-9E22-ABDB7BBBCFF7}
		{E7355E97-5712-4742-B631-F247B25F566D} = {490C8F17-B827-48C4-9E22-ABDB7BBBCFF7}
		{1ACCA827-8F55-4A56-9558-665ABF171E77} = {490C8F17-B827-48C4-9E22-ABDB7BBBCFF7}
		{94C322A7-A9EE-4238-A060-E659B52C9B61} = {10992D2E-0228-4806-ABB9-FF496C7E310A}
		{384CE833-3FAA-4A15-98B2-7C27F2A7CEAB} = {10992D2E-0228-4806-ABB9-FF496C7E310A}
		{75CD0E89-0879-48F8-8E40-A3EA0EAD1B52} = {10992D2E-0228-4806-ABB9-FF496C7E310A}
	EndGlobalSection
EndGlobal
